{
  "name": "cdpcmd",
  "version": "1.0.0",
  "lockfileVersion": 2,
  "requires": true,
  "packages": {
    "": {
      "dependencies": {
        "cdpc": "^2.1.8",
        "gohttp": "^4.2.1",
        "npargv": "^1.0.2",
        "options-check": "^1.0.0",
        "titbit": "^22.6.9",
        "titbit-httpc": "^2.0.1",
        "titbit-loader": "^22.0.1",
        "titbit-toolkit": "^3.0.1"
      }
    },
    "node_modules/cdpc": {
      "version": "2.1.8",
      "resolved": "https://registry.npmjs.org/cdpc/-/cdpc-2.1.8.tgz",
      "integrity": "sha512-XxkH3AjB0JP9xs20Amtuq/n+iY6aPYIRso3p7IPEbCnkUYccUMfssPeOThlgW2Rt7F59K9xKCJrJNxH1vXAOMw=="
    },
    "node_modules/gohttp": {
      "version": "4.2.1",
      "resolved": "https://registry.npmjs.org/gohttp/-/gohttp-4.2.1.tgz",
      "integrity": "sha512-p6Im4qDoKBVOgFnFmxdJGVOCLSAkgNgfXbpnvQe9Zx0b6W4AMaXdJljk8hb1yb9BP4xJ4lsz18nOSBX6ZK4new=="
    },
    "node_modules/npargv": {
      "version": "1.0.2",
      "resolved": "https://registry.npmjs.org/npargv/-/npargv-1.0.2.tgz",
      "integrity": "sha512-9bsroASDDhFJoT4rdx/DcDgM1xPrEZF7zyHEeyM1IGAuVEM7L/RSyb33qZ0wPTmNSAzlDnnYNZWadwIgp4PqLQ=="
    },
    "node_modules/options-check": {
      "version": "1.0.0",
      "resolved": "https://registry.npmjs.org/options-check/-/options-check-1.0.0.tgz",
      "integrity": "sha512-wFtYYwcvcvX3Td9UPnjjz0CuzUD4qSvSzyJyKKzC77x1l1uZw4BrHDgqE8SXXC1pwjWdSSkll2G5sJUFHVEuLQ=="
    },
    "node_modules/titbit": {
      "version": "22.6.9",
      "resolved": "https://registry.npmjs.org/titbit/-/titbit-22.6.9.tgz",
      "integrity": "sha512-9y5wuS2ucVNkqqBCeWFqmak3eZiU7yBywJptZVjJR6JCk699P/apzfgTRRhBxDaLjcGnW6oWbG5O48zw07CxqA==",
      "bin": {
        "tbload": "bin/loadinfo.sh"
      }
    },
    "node_modules/titbit-httpc": {
      "version": "2.0.1",
      "resolved": "https://registry.npmjs.org/titbit-httpc/-/titbit-httpc-2.0.1.tgz",
      "integrity": "sha512-OcnFgVySzYRofUIEDZ2pQYt+zXQIaOXPWmZ5RPuqcI99ey372wM51EHRePgDAYIUV/IUTSYafzC1kiQIIW+SnA=="
    },
    "node_modules/titbit-loader": {
      "version": "22.0.1",
      "resolved": "https://registry.npmjs.org/titbit-loader/-/titbit-loader-22.0.1.tgz",
      "integrity": "sha512-zMzLfmrITSB7NVFxmRmUrreimuyWFOtYGJzFCZe3QwLblVVKF390BY22ncWw21d7T+iWNhXwoj8BYrRTxosNSw==",
      "bin": {
        "new-ctl": "bin/new-ctl.js"
      }
    },
    "node_modules/titbit-toolkit": {
      "version": "3.0.1",
      "resolved": "https://registry.npmjs.org/titbit-toolkit/-/titbit-toolkit-3.0.1.tgz",
      "integrity": "sha512-cTwPHfLSh0GT3Bl1BvoClcNt7tcx0K9dKSZjWbfVE1bDNUkvpstuX0qhK5nTTn8/wMXRNwXS/FcosJF7ZLJtTw=="
    }
  },
  "dependencies": {
    "cdpc": {
      "version": "2.1.8",
      "resolved": "https://registry.npmjs.org/cdpc/-/cdpc-2.1.8.tgz",
      "integrity": "sha512-XxkH3AjB0JP9xs20Amtuq/n+iY6aPYIRso3p7IPEbCnkUYccUMfssPeOThlgW2Rt7F59K9xKCJrJNxH1vXAOMw=="
    },
    "gohttp": {
      "version": "4.2.1",
      "resolved": "https://registry.npmjs.org/gohttp/-/gohttp-4.2.1.tgz",
      "integrity": "sha512-p6Im4qDoKBVOgFnFmxdJGVOCLSAkgNgfXbpnvQe9Zx0b6W4AMaXdJljk8hb1yb9BP4xJ4lsz18nOSBX6ZK4new=="
    },
    "npargv": {
      "version": "1.0.2",
      "resolved": "https://registry.npmjs.org/npargv/-/npargv-1.0.2.tgz",
      "integrity": "sha512-9bsroASDDhFJoT4rdx/DcDgM1xPrEZF7zyHEeyM1IGAuVEM7L/RSyb33qZ0wPTmNSAzlDnnYNZWadwIgp4PqLQ=="
    },
    "options-check": {
      "version": "1.0.0",
      "resolved": "https://registry.npmjs.org/options-check/-/options-check-1.0.0.tgz",
      "integrity": "sha512-wFtYYwcvcvX3Td9UPnjjz0CuzUD4qSvSzyJyKKzC77x1l1uZw4BrHDgqE8SXXC1pwjWdSSkll2G5sJUFHVEuLQ=="
    },
    "titbit": {
      "version": "22.6.9",
      "resolved": "https://registry.npmjs.org/titbit/-/titbit-22.6.9.tgz",
      "integrity": "sha512-9y5wuS2ucVNkqqBCeWFqmak3eZiU7yBywJptZVjJR6JCk699P/apzfgTRRhBxDaLjcGnW6oWbG5O48zw07CxqA=="
    },
    "titbit-httpc": {
      "version": "2.0.1",
      "resolved": "https://registry.npmjs.org/titbit-httpc/-/titbit-httpc-2.0.1.tgz",
      "integrity": "sha512-OcnFgVySzYRofUIEDZ2pQYt+zXQIaOXPWmZ5RPuqcI99ey372wM51EHRePgDAYIUV/IUTSYafzC1kiQIIW+SnA=="
    },
    "titbit-loader": {
      "version": "22.0.1",
      "resolved": "https://registry.npmjs.org/titbit-loader/-/titbit-loader-22.0.1.tgz",
      "integrity": "sha512-zMzLfmrITSB7NVFxmRmUrreimuyWFOtYGJzFCZe3QwLblVVKF390BY22ncWw21d7T+iWNhXwoj8BYrRTxosNSw=="
    },
    "titbit-toolkit": {
      "version": "3.0.1",
      "resolved": "https://registry.npmjs.org/titbit-toolkit/-/titbit-toolkit-3.0.1.tgz",
      "integrity": "sha512-cTwPHfLSh0GT3Bl1BvoClcNt7tcx0K9dKSZjWbfVE1bDNUkvpstuX0qhK5nTTn8/wMXRNwXS/FcosJF7ZLJtTw=="
    }
  }
}
