{
  "name": "cdpcmd",
  "version": "1.0.0",
  "lockfileVersion": 2,
  "requires": true,
  "packages": {
    "": {
      "dependencies": {
        "cdpc": "^2.3.0",
        "gohttp": "^5.0.2",
        "npargv": "^1.0.7",
        "options-check": "^1.0.1",
        "thread-worker": "^1.0.0",
        "titbit": "^23.2.1",
        "titbit-httpc": "^2.0.4",
        "titbit-loader": "^22.5.2",
        "titbit-token": "^2.1.1",
        "titbit-toolkit": "^3.4.1"
      }
    },
    "node_modules/cdpc": {
      "version": "2.3.0",
      "resolved": "https://registry.npmjs.org/cdpc/-/cdpc-2.3.0.tgz",
      "integrity": "sha512-ZFPhtv/JHALbrN6jRRBw53VAu5fMXUpGg0Ub0uyh2pHSp5hbHLBzxHsL1vb8HRLSPE8U+WZ+9ZSSXwRnQoJdHg=="
    },
    "node_modules/gohttp": {
      "version": "5.0.2",
      "resolved": "https://registry.npmjs.org/gohttp/-/gohttp-5.0.2.tgz",
      "integrity": "sha512-WhDBGJ9nZZxNlnlgizJS8mZGNQnERP9cbm5atfaagXtLXOPTbwMFjFjK84ziG9aSd+YEzdHBuoYl9CqbrXnzQw=="
    },
    "node_modules/npargv": {
      "version": "1.0.7",
      "resolved": "https://registry.npmjs.org/npargv/-/npargv-1.0.7.tgz",
      "integrity": "sha512-XvNjTt/gThYhZc3AT1GklZpdYdzDzYonA8cINjGHuMSkGJhhMGfMgGO8uflybVjEt2XjDxezBAXBBGDex4Qaeg=="
    },
    "node_modules/options-check": {
      "version": "1.0.1",
      "resolved": "https://registry.npmjs.org/options-check/-/options-check-1.0.1.tgz",
      "integrity": "sha512-A9RjO/HJHpgvnoYTejgRhfqcTs/8fx4/lWYU3gstabGa4MbPBdhQ6wxF/WO8NxKq4xu51UXqR2y8PV/xcnDpbQ=="
    },
    "node_modules/thread-worker": {
      "version": "1.0.0",
      "resolved": "https://registry.npmjs.org/thread-worker/-/thread-worker-1.0.0.tgz",
      "integrity": "sha512-aaVTn0kX1m/W4DtpIN7fn6IQP03UDDdG6M6zQ/TmfCRNG4Qy6Fg3A3galvJluWX8HbW57odxXMwOatRJFcViEA=="
    },
    "node_modules/titbit": {
      "version": "23.2.1",
      "resolved": "https://registry.npmjs.org/titbit/-/titbit-23.2.1.tgz",
      "integrity": "sha512-JtXYlsHrSEOT8QhiC50Oh4dAt/+twcFNfe3H+2JBsETbjzBOj3re/mimic+YAHIylhs4W4l4s61/ZQeU9pjrgA==",
      "bin": {
        "tbload": "bin/loadinfo.sh"
      }
    },
    "node_modules/titbit-httpc": {
      "version": "2.0.4",
      "resolved": "https://registry.npmjs.org/titbit-httpc/-/titbit-httpc-2.0.4.tgz",
      "integrity": "sha512-oEUssdoNeOceY7nAT4AOPiU8i50Ol9Hgk4Ymbt1xH9VXY21bdrBnj+U9nV7zk6nZZYs4g6C3EzoIcxDCw6d5CA=="
    },
    "node_modules/titbit-loader": {
      "version": "22.5.2",
      "resolved": "https://registry.npmjs.org/titbit-loader/-/titbit-loader-22.5.2.tgz",
      "integrity": "sha512-OjwnpDlrHz9JTwvPUJbou9m5E7iCpBqetaqfNH3y5ZagPR/2zEzAiuJvU/iV+1M67Pd0UbOnW6cMENYm2J86yA==",
      "bin": {
        "new-ctl": "bin/new-ctl.js"
      }
    },
    "node_modules/titbit-token": {
      "version": "2.1.1",
      "resolved": "https://registry.npmjs.org/titbit-token/-/titbit-token-2.1.1.tgz",
      "integrity": "sha512-VFEkxpjp3Dy7A0k8ftIE68o0ngEsapnR8exdVzkGrAD13KLTjxkw+t+DjdRJmZ5Uf7ikwNnSzEbJ3o1IBHqg4g=="
    },
    "node_modules/titbit-toolkit": {
      "version": "3.4.1",
      "resolved": "https://registry.npmjs.org/titbit-toolkit/-/titbit-toolkit-3.4.1.tgz",
      "integrity": "sha512-iBLwlDAcq1cp90TjUGae5dqEBAlAh+LbXCPRCZc4UpVefIjqpipSluRiqr5lwr0EixY/JKNUlcNuL+PCr1/JdQ=="
    }
  },
  "dependencies": {
    "cdpc": {
      "version": "2.3.0",
      "resolved": "https://registry.npmjs.org/cdpc/-/cdpc-2.3.0.tgz",
      "integrity": "sha512-ZFPhtv/JHALbrN6jRRBw53VAu5fMXUpGg0Ub0uyh2pHSp5hbHLBzxHsL1vb8HRLSPE8U+WZ+9ZSSXwRnQoJdHg=="
    },
    "gohttp": {
      "version": "5.0.2",
      "resolved": "https://registry.npmjs.org/gohttp/-/gohttp-5.0.2.tgz",
      "integrity": "sha512-WhDBGJ9nZZxNlnlgizJS8mZGNQnERP9cbm5atfaagXtLXOPTbwMFjFjK84ziG9aSd+YEzdHBuoYl9CqbrXnzQw=="
    },
    "npargv": {
      "version": "1.0.7",
      "resolved": "https://registry.npmjs.org/npargv/-/npargv-1.0.7.tgz",
      "integrity": "sha512-XvNjTt/gThYhZc3AT1GklZpdYdzDzYonA8cINjGHuMSkGJhhMGfMgGO8uflybVjEt2XjDxezBAXBBGDex4Qaeg=="
    },
    "options-check": {
      "version": "1.0.1",
      "resolved": "https://registry.npmjs.org/options-check/-/options-check-1.0.1.tgz",
      "integrity": "sha512-A9RjO/HJHpgvnoYTejgRhfqcTs/8fx4/lWYU3gstabGa4MbPBdhQ6wxF/WO8NxKq4xu51UXqR2y8PV/xcnDpbQ=="
    },
    "thread-worker": {
      "version": "1.0.0",
      "resolved": "https://registry.npmjs.org/thread-worker/-/thread-worker-1.0.0.tgz",
      "integrity": "sha512-aaVTn0kX1m/W4DtpIN7fn6IQP03UDDdG6M6zQ/TmfCRNG4Qy6Fg3A3galvJluWX8HbW57odxXMwOatRJFcViEA=="
    },
    "titbit": {
      "version": "23.2.1",
      "resolved": "https://registry.npmjs.org/titbit/-/titbit-23.2.1.tgz",
      "integrity": "sha512-JtXYlsHrSEOT8QhiC50Oh4dAt/+twcFNfe3H+2JBsETbjzBOj3re/mimic+YAHIylhs4W4l4s61/ZQeU9pjrgA=="
    },
    "titbit-httpc": {
      "version": "2.0.4",
      "resolved": "https://registry.npmjs.org/titbit-httpc/-/titbit-httpc-2.0.4.tgz",
      "integrity": "sha512-oEUssdoNeOceY7nAT4AOPiU8i50Ol9Hgk4Ymbt1xH9VXY21bdrBnj+U9nV7zk6nZZYs4g6C3EzoIcxDCw6d5CA=="
    },
    "titbit-loader": {
      "version": "22.5.2",
      "resolved": "https://registry.npmjs.org/titbit-loader/-/titbit-loader-22.5.2.tgz",
      "integrity": "sha512-OjwnpDlrHz9JTwvPUJbou9m5E7iCpBqetaqfNH3y5ZagPR/2zEzAiuJvU/iV+1M67Pd0UbOnW6cMENYm2J86yA=="
    },
    "titbit-token": {
      "version": "2.1.1",
      "resolved": "https://registry.npmjs.org/titbit-token/-/titbit-token-2.1.1.tgz",
      "integrity": "sha512-VFEkxpjp3Dy7A0k8ftIE68o0ngEsapnR8exdVzkGrAD13KLTjxkw+t+DjdRJmZ5Uf7ikwNnSzEbJ3o1IBHqg4g=="
    },
    "titbit-toolkit": {
      "version": "3.4.1",
      "resolved": "https://registry.npmjs.org/titbit-toolkit/-/titbit-toolkit-3.4.1.tgz",
      "integrity": "sha512-iBLwlDAcq1cp90TjUGae5dqEBAlAh+LbXCPRCZc4UpVefIjqpipSluRiqr5lwr0EixY/JKNUlcNuL+PCr1/JdQ=="
    }
  }
}
