{
  "name": "cdpcmd",
  "version": "1.0.0",
  "lockfileVersion": 2,
  "requires": true,
  "packages": {
    "": {
      "dependencies": {
        "cdpc": "^4.5.0",
        "gohttp": "^5.0.7",
        "npargv": "^1.0.9",
        "options-check": "^1.0.1",
        "thread-worker": "^1.0.2",
        "titbit": "^24.0.9",
        "titbit-loader": "^22.6.6",
        "titbit-token": "^2.1.3",
        "titbit-toolkit": "^3.6.9",
        "zipdata": "^1.0.2"
      }
    },
    "node_modules/cdpc": {
      "version": "4.5.0",
      "resolved": "https://registry.npmjs.org/cdpc/-/cdpc-4.5.0.tgz",
      "integrity": "sha512-GeWvcq74aqdEeKDlpIGUapKOQQrg5XLqgCXcxXZ2qhFJPGurIsW4hSdsaFQPo7EnhdO/Ken5+xts60SLLNYckw==",
      "license": "ISC"
    },
    "node_modules/gohttp": {
      "version": "5.0.7",
      "resolved": "https://registry.npmjs.org/gohttp/-/gohttp-5.0.7.tgz",
      "integrity": "sha512-M2EZI9gPHqUDs52DzZSzlrMzJIISnydwNoj5dr57797zh8PprNHfIQXfI2AMTECznNTLJHYhuwNv44czMxQYog==",
      "license": "ISC"
    },
    "node_modules/npargv": {
      "version": "1.0.9",
      "resolved": "https://registry.npmjs.org/npargv/-/npargv-1.0.9.tgz",
      "integrity": "sha512-YN6LRJ2EV3Kkr4n9M7FLCT1/LtxezJyMx46SbWSlGoiRNdhaszlXLSqHA1WuTcVmAphF8kpPS+cFaYJ9+G7fZg=="
    },
    "node_modules/options-check": {
      "version": "1.0.1",
      "resolved": "https://registry.npmjs.org/options-check/-/options-check-1.0.1.tgz",
      "integrity": "sha512-A9RjO/HJHpgvnoYTejgRhfqcTs/8fx4/lWYU3gstabGa4MbPBdhQ6wxF/WO8NxKq4xu51UXqR2y8PV/xcnDpbQ=="
    },
    "node_modules/thread-worker": {
      "version": "1.0.2",
      "resolved": "https://registry.npmjs.org/thread-worker/-/thread-worker-1.0.2.tgz",
      "integrity": "sha512-Yqc2YTzofjsuXXyeaFxUqpGDb+t1d99q9BlqtDeXQH5yoxpjpK1KrS67FTGoDLOsxzk34Uod1sPhMSmNqIm07g=="
    },
    "node_modules/titbit": {
      "version": "24.0.9",
      "resolved": "https://registry.npmjs.org/titbit/-/titbit-24.0.9.tgz",
      "integrity": "sha512-oYOWsgJ2TzE4WEAWYy9FY/5IuKiqMmYiFQcaJwCbSwU3R+XlDV1eq9zCL53E4RXl2eR2rPfq6KNmBFaRiAhHoA==",
      "license": "ISC",
      "bin": {
        "tbload": "bin/loadinfo.sh",
        "titbit-new-app": "bin/newapp.js"
      }
    },
    "node_modules/titbit-loader": {
      "version": "22.6.6",
      "resolved": "https://registry.npmmirror.com/titbit-loader/-/titbit-loader-22.6.6.tgz",
      "integrity": "sha512-QrlmAQO43kRSGTH4cERoPES5/qPuaxr2vnARjeEqV0XhlozALQld3NPdb+khOikQVN92BxvTol/mW+XdhmGSAA==",
      "license": "GPL-3.0",
      "bin": {
        "new-ctl": "bin/new-ctl.js"
      }
    },
    "node_modules/titbit-token": {
      "version": "2.1.3",
      "resolved": "https://registry.npmmirror.com/titbit-token/-/titbit-token-2.1.3.tgz",
      "integrity": "sha512-jJ3XEul0KBEJIVPjAqONLzWJ20NZ8x1kJM5gAuHvGbMg+IMRb8vNRYkxGKuovGGojJZ9dZidbkDGhIcGhhWg3w==",
      "license": "ISC"
    },
    "node_modules/titbit-toolkit": {
      "version": "3.6.9",
      "resolved": "https://registry.npmjs.org/titbit-toolkit/-/titbit-toolkit-3.6.9.tgz",
      "integrity": "sha512-T0TVKULxs9DDXcF8yLzVkXA1Ms7nOHYr4lsQ0GSYjmpbwyzVmDI57sSLBdddjU/1G/tiKFfcYGHg6JiCfeGJZQ==",
      "license": "MPL-2.0"
    },
    "node_modules/zipdata": {
      "version": "1.0.2",
      "resolved": "https://registry.npmjs.org/zipdata/-/zipdata-1.0.2.tgz",
      "integrity": "sha512-YARsu8af9BOvjMx91jzgnOno86dVauneYV4LRevTPlE06A7DOJypbwxZHaFD06KbKQnPVcqANj6vrblop1jIXA=="
    }
  },
  "dependencies": {
    "cdpc": {
      "version": "4.5.0",
      "resolved": "https://registry.npmjs.org/cdpc/-/cdpc-4.5.0.tgz",
      "integrity": "sha512-GeWvcq74aqdEeKDlpIGUapKOQQrg5XLqgCXcxXZ2qhFJPGurIsW4hSdsaFQPo7EnhdO/Ken5+xts60SLLNYckw=="
    },
    "gohttp": {
      "version": "5.0.7",
      "resolved": "https://registry.npmjs.org/gohttp/-/gohttp-5.0.7.tgz",
      "integrity": "sha512-M2EZI9gPHqUDs52DzZSzlrMzJIISnydwNoj5dr57797zh8PprNHfIQXfI2AMTECznNTLJHYhuwNv44czMxQYog=="
    },
    "npargv": {
      "version": "1.0.9",
      "resolved": "https://registry.npmjs.org/npargv/-/npargv-1.0.9.tgz",
      "integrity": "sha512-YN6LRJ2EV3Kkr4n9M7FLCT1/LtxezJyMx46SbWSlGoiRNdhaszlXLSqHA1WuTcVmAphF8kpPS+cFaYJ9+G7fZg=="
    },
    "options-check": {
      "version": "1.0.1",
      "resolved": "https://registry.npmjs.org/options-check/-/options-check-1.0.1.tgz",
      "integrity": "sha512-A9RjO/HJHpgvnoYTejgRhfqcTs/8fx4/lWYU3gstabGa4MbPBdhQ6wxF/WO8NxKq4xu51UXqR2y8PV/xcnDpbQ=="
    },
    "thread-worker": {
      "version": "1.0.2",
      "resolved": "https://registry.npmjs.org/thread-worker/-/thread-worker-1.0.2.tgz",
      "integrity": "sha512-Yqc2YTzofjsuXXyeaFxUqpGDb+t1d99q9BlqtDeXQH5yoxpjpK1KrS67FTGoDLOsxzk34Uod1sPhMSmNqIm07g=="
    },
    "titbit": {
      "version": "24.0.9",
      "resolved": "https://registry.npmjs.org/titbit/-/titbit-24.0.9.tgz",
      "integrity": "sha512-oYOWsgJ2TzE4WEAWYy9FY/5IuKiqMmYiFQcaJwCbSwU3R+XlDV1eq9zCL53E4RXl2eR2rPfq6KNmBFaRiAhHoA=="
    },
    "titbit-loader": {
      "version": "22.6.6",
      "resolved": "https://registry.npmmirror.com/titbit-loader/-/titbit-loader-22.6.6.tgz",
      "integrity": "sha512-QrlmAQO43kRSGTH4cERoPES5/qPuaxr2vnARjeEqV0XhlozALQld3NPdb+khOikQVN92BxvTol/mW+XdhmGSAA=="
    },
    "titbit-token": {
      "version": "2.1.3",
      "resolved": "https://registry.npmmirror.com/titbit-token/-/titbit-token-2.1.3.tgz",
      "integrity": "sha512-jJ3XEul0KBEJIVPjAqONLzWJ20NZ8x1kJM5gAuHvGbMg+IMRb8vNRYkxGKuovGGojJZ9dZidbkDGhIcGhhWg3w=="
    },
    "titbit-toolkit": {
      "version": "3.6.9",
      "resolved": "https://registry.npmjs.org/titbit-toolkit/-/titbit-toolkit-3.6.9.tgz",
      "integrity": "sha512-T0TVKULxs9DDXcF8yLzVkXA1Ms7nOHYr4lsQ0GSYjmpbwyzVmDI57sSLBdddjU/1G/tiKFfcYGHg6JiCfeGJZQ=="
    },
    "zipdata": {
      "version": "1.0.2",
      "resolved": "https://registry.npmjs.org/zipdata/-/zipdata-1.0.2.tgz",
      "integrity": "sha512-YARsu8af9BOvjMx91jzgnOno86dVauneYV4LRevTPlE06A7DOJypbwxZHaFD06KbKQnPVcqANj6vrblop1jIXA=="
    }
  }
}
